
Microsoft Visual Studio Solution File, Format Version 12.00
# Visual Studio Version 17
VisualStudioVersion = 17.8.34330.188
MinimumVisualStudioVersion = 10.0.40219.1
Project("{9A19103F-16F7-4668-BE54-9A1E7A4F7556}") = "Entidades", "Entidades\Entidades.csproj", "{A29E8F65-94E4-457F-A7FB-7709A8AF2A8B}"
EndProject
Project("{9A19103F-16F7-4668-BE54-9A1E7A4F7556}") = "RSP_14122023_DIV2C", "RSP_14122023_DI2C\RSP_14122023_DIV2C.csproj", "{22E1F81C-1C0F-4547-B671-FE75772EC12C}"
EndProject
Global
	GlobalSection(SolutionConfigurationPlatforms) = preSolution
		Debug|Any CPU = Debug|Any CPU
		Release|Any CPU = Release|Any CPU
	EndGlobalSection
	GlobalSection(ProjectConfigurationPlatforms) = postSolution
		{A29E8F65-94E4-457F-A7FB-7709A8AF2A8B}.Debug|Any CPU.ActiveCfg = Debug|Any CPU
		{A29E8F65-94E4-457F-A7FB-7709A8AF2A8B}.Debug|Any CPU.Build.0 = Debug|Any CPU
		{A29E8F65-94E4-457F-A7FB-7709A8AF2A8B}.Release|Any CPU.ActiveCfg = Release|Any CPU
		{A29E8F65-94E4-457F-A7FB-7709A8AF2A8B}.Release|Any CPU.Build.0 = Release|Any CPU
		{22E1F81C-1C0F-4547-B671-FE75772EC12C}.Debug|Any CPU.ActiveCfg = Debug|Any CPU
		{22E1F81C-1C0F-4547-B671-FE75772EC12C}.Debug|Any CPU.Build.0 = Debug|Any CPU
		{22E1F81C-1C0F-4547-B671-FE75772EC12C}.Release|Any CPU.ActiveCfg = Release|Any CPU
		{22E1F81C-1C0F-4547-B671-FE75772EC12C}.Release|Any CPU.Build.0 = Release|Any CPU
	EndGlobalSection
	GlobalSection(SolutionProperties) = preSolution
		HideSolutionNode = FALSE
	EndGlobalSection
	GlobalSection(ExtensibilityGlobals) = postSolution
		SolutionGuid = {AA451B66-B806-4200-BAF6-836E9BE04106}
	EndGlobalSection
EndGlobal
